
Microsoft Visual Studio Solution File, Format Version 12.00
# Visual Studio Version 17
VisualStudioVersion = 17.14.36310.24 d17.14
MinimumVisualStudioVersion = 10.0.40219.1
Project("{FAE04EC0-301F-11D3-BF4B-00C04F79EFBC}") = "UploadImageGCP", "UploadImageGCP\UploadImageGCP.csproj", "{7CA02E00-C33F-4D2D-9702-3063057938C9}"
EndProject
Global
	GlobalSection(SolutionConfigurationPlatforms) = preSolution
		Debug|Any CPU = Debug|Any CPU
		Release|Any CPU = Release|Any CPU
	EndGlobalSection
	GlobalSection(ProjectConfigurationPlatforms) = postSolution
		{7CA02E00-C33F-4D2D-9702-3063057938C9}.Debug|Any CPU.ActiveCfg = Debug|Any CPU
		{7CA02E00-C33F-4D2D-9702-3063057938C9}.Debug|Any CPU.Build.0 = Debug|Any CPU
		{7CA02E00-C33F-4D2D-9702-3063057938C9}.Release|Any CPU.ActiveCfg = Release|Any CPU
		{7CA02E00-C33F-4D2D-9702-3063057938C9}.Release|Any CPU.Build.0 = Release|Any CPU
	EndGlobalSection
	GlobalSection(SolutionProperties) = preSolution
		HideSolutionNode = FALSE
	EndGlobalSection
	GlobalSection(ExtensibilityGlobals) = postSolution
		SolutionGuid = {539C5A47-142F-40B6-8419-CF7492105326}
	EndGlobalSection
EndGlobal
